<?xml version="1.0"?>
<CONFIG>
  <ProjectOptions>
    <Version Value="9"/>
    <PathDelim Value="\"/>
    <General>
      <MainUnit Value="0"/>
      <ResourceType Value="res"/>
      <UseXPManifest Value="True"/>
      <Icon Value="0"/>
      <ActiveWindowIndexAtStart Value="0"/>
    </General>
    <i18n>
      <EnableI18N LFM="False"/>
    </i18n>
    <VersionInfo>
      <StringTable ProductVersion=""/>
    </VersionInfo>
    <BuildModes Count="1" Active="Default">
      <Item1 Name="Default" Default="True"/>
    </BuildModes>
    <PublishOptions>
      <Version Value="2"/>
      <IncludeFileFilter Value="*.(pas|pp|inc|lfm|lpr|lrs|lpi|lpk|sh|xml)"/>
      <ExcludeFileFilter Value="*.(bak|ppu|o|so);*~;backup"/>
    </PublishOptions>
    <RunParams>
      <local>
        <FormatVersion Value="1"/>
        <LaunchingApplication PathPlusParams="\usr\bin\xterm -T 'Lazarus Run Output' -e $(LazarusDir)\tools\runwait.sh $(TargetCmdLine)"/>
      </local>
    </RunParams>
    <RequiredPackages Count="1">
      <Item1>
        <PackageName Value="LCL"/>
      </Item1>
    </RequiredPackages>
    <Units Count="35">
      <Unit0>
        <Filename Value="MassPinger.lpr"/>
        <IsPartOfProject Value="True"/>
        <UnitName Value="MassPinger"/>
        <EditorIndex Value="0"/>
        <WindowIndex Value="0"/>
        <TopLine Value="1"/>
        <CursorPos X="3" Y="21"/>
        <UsageCount Value="88"/>
        <Loaded Value="True"/>
      </Unit0>
      <Unit1>
        <Filename Value="mp_main.pas"/>
        <IsPartOfProject Value="True"/>
        <ComponentName Value="PingerFrm"/>
        <HasResources Value="True"/>
        <ResourceBaseClass Value="Form"/>
        <UnitName Value="mp_main"/>
        <IsVisibleTab Value="True"/>
        <EditorIndex Value="3"/>
        <WindowIndex Value="0"/>
        <TopLine Value="141"/>
        <CursorPos X="35" Y="155"/>
        <UsageCount Value="88"/>
        <Loaded Value="True"/>
        <LoadedDesigner Value="True"/>
      </Unit1>
      <Unit2>
        <Filename Value="mp_types.pas"/>
        <IsPartOfProject Value="True"/>
        <UnitName Value="mp_types"/>
        <EditorIndex Value="2"/>
        <WindowIndex Value="0"/>
        <TopLine Value="25"/>
        <CursorPos X="30" Y="34"/>
        <UsageCount Value="88"/>
        <Loaded Value="True"/>
      </Unit2>
      <Unit3>
        <Filename Value="mp_loader.pas"/>
        <IsPartOfProject Value="True"/>
        <UnitName Value="mp_loader"/>
        <EditorIndex Value="5"/>
        <WindowIndex Value="0"/>
        <TopLine Value="1"/>
        <CursorPos X="2" Y="80"/>
        <UsageCount Value="88"/>
        <Loaded Value="True"/>
      </Unit3>
      <Unit4>
        <Filename Value="C:\lazarus\fpc\2.6.0\source\rtl\inc\variants.pp"/>
        <UnitName Value="variants"/>
        <WindowIndex Value="0"/>
        <TopLine Value="67"/>
        <CursorPos X="10" Y="85"/>
        <UsageCount Value="5"/>
      </Unit4>
      <Unit5>
        <Filename Value="C:\lazarus\lcl\include\customform.inc"/>
        <WindowIndex Value="0"/>
        <TopLine Value="2590"/>
        <CursorPos X="1" Y="2605"/>
        <UsageCount Value="35"/>
      </Unit5>
      <Unit6>
        <Filename Value="mp_threadpool.pas"/>
        <UnitName Value="mp_threadpool"/>
        <WindowIndex Value="0"/>
        <TopLine Value="1"/>
        <CursorPos X="1" Y="1"/>
        <UsageCount Value="38"/>
      </Unit6>
      <Unit7>
        <Filename Value="mp_pingthread.pas"/>
        <UnitName Value="mp_pingthread"/>
        <WindowIndex Value="0"/>
        <TopLine Value="14"/>
        <CursorPos X="17" Y="35"/>
        <UsageCount Value="31"/>
      </Unit7>
      <Unit8>
        <Filename Value="mp_utils.pas"/>
        <IsPartOfProject Value="True"/>
        <UnitName Value="mp_utils"/>
        <WindowIndex Value="0"/>
        <TopLine Value="79"/>
        <CursorPos X="1" Y="115"/>
        <UsageCount Value="88"/>
      </Unit8>
      <Unit9>
        <Filename Value="D:\LazSynapse\source\lib\pingsend.pas"/>
        <UnitName Value="pingsend"/>
        <WindowIndex Value="0"/>
        <TopLine Value="581"/>
        <CursorPos X="1" Y="596"/>
        <UsageCount Value="31"/>
      </Unit9>
      <Unit10>
        <Filename Value="addpcfrm.pas"/>
        <ComponentName Value="Form2"/>
        <ResourceBaseClass Value="Form"/>
        <UnitName Value="AddPCFrm"/>
        <WindowIndex Value="0"/>
        <TopLine Value="1"/>
        <CursorPos X="86" Y="10"/>
        <UsageCount Value="15"/>
      </Unit10>
      <Unit11>
        <Filename Value="mp_addpcdlg.pas"/>
        <IsPartOfProject Value="True"/>
        <ComponentName Value="dlgFrm"/>
        <HasResources Value="True"/>
        <ResourceBaseClass Value="Form"/>
        <UnitName Value="mp_addpcdlg"/>
        <EditorIndex Value="1"/>
        <WindowIndex Value="0"/>
        <TopLine Value="119"/>
        <CursorPos X="56" Y="145"/>
        <UsageCount Value="66"/>
        <Loaded Value="True"/>
        <LoadedDesigner Value="True"/>
      </Unit11>
      <Unit12>
        <Filename Value="C:\lazarus\lcl\dialogs.pp"/>
        <UnitName Value="Dialogs"/>
        <WindowIndex Value="0"/>
        <TopLine Value="49"/>
        <CursorPos X="1" Y="1"/>
        <UsageCount Value="40"/>
      </Unit12>
      <Unit13>
        <Filename Value="C:\lazarus\lcl\include\control.inc"/>
        <WindowIndex Value="0"/>
        <TopLine Value="2274"/>
        <CursorPos X="1" Y="2289"/>
        <UsageCount Value="38"/>
      </Unit13>
      <Unit14>
        <Filename Value="mp_addpcdlgu.pas"/>
        <IsPartOfProject Value="True"/>
        <UnitName Value="mp_addpcdlgu"/>
        <EditorIndex Value="4"/>
        <WindowIndex Value="0"/>
        <TopLine Value="11"/>
        <CursorPos X="19" Y="16"/>
        <UsageCount Value="85"/>
        <Loaded Value="True"/>
      </Unit14>
      <Unit15>
        <Filename Value="C:\lazarus\lcl\interfaces\win32\win32callback.inc"/>
        <WindowIndex Value="0"/>
        <TopLine Value="2412"/>
        <CursorPos X="1" Y="2427"/>
        <UsageCount Value="6"/>
      </Unit15>
      <Unit16>
        <Filename Value="C:\lazarus\lcl\include\treeview.inc"/>
        <WindowIndex Value="0"/>
        <TopLine Value="3862"/>
        <CursorPos X="1" Y="3881"/>
        <UsageCount Value="7"/>
      </Unit16>
      <Unit17>
        <Filename Value="C:\lazarus\lcl\comctrls.pp"/>
        <UnitName Value="ComCtrls"/>
        <WindowIndex Value="0"/>
        <TopLine Value="2579"/>
        <CursorPos X="42" Y="2774"/>
        <UsageCount Value="7"/>
      </Unit17>
      <Unit18>
        <Filename Value="C:\lazarus\lcl\include\buttoncontrol.inc"/>
        <WindowIndex Value="0"/>
        <TopLine Value="56"/>
        <CursorPos X="16" Y="58"/>
        <UsageCount Value="7"/>
      </Unit18>
      <Unit19>
        <Filename Value="C:\lazarus\lcl\include\buttons.inc"/>
        <WindowIndex Value="0"/>
        <TopLine Value="317"/>
        <CursorPos X="1" Y="342"/>
        <UsageCount Value="8"/>
      </Unit19>
      <Unit20>
        <Filename Value="C:\lazarus\lcl\include\toolbutton.inc"/>
        <WindowIndex Value="0"/>
        <TopLine Value="750"/>
        <CursorPos X="1" Y="765"/>
        <UsageCount Value="6"/>
      </Unit20>
      <Unit21>
        <Filename Value="C:\lazarus\lcl\forms.pp"/>
        <UnitName Value="Forms"/>
        <WindowIndex Value="0"/>
        <TopLine Value="1839"/>
        <CursorPos X="90" Y="1855"/>
        <UsageCount Value="26"/>
      </Unit21>
      <Unit22>
        <Filename Value="mp_addpcdlg.lfm"/>
        <IsPartOfProject Value="True"/>
        <UsageCount Value="66"/>
        <DefaultSyntaxHighlighter Value="LFM"/>
      </Unit22>
      <Unit23>
        <Filename Value="D:\LazSynapse\source\lib\httpsend.pas"/>
        <UnitName Value="httpsend"/>
        <WindowIndex Value="0"/>
        <TopLine Value="816"/>
        <CursorPos X="83" Y="450"/>
        <UsageCount Value="6"/>
      </Unit23>
      <Unit24>
        <Filename Value="C:\lazarus\lcl\include\customlistview.inc"/>
        <WindowIndex Value="0"/>
        <TopLine Value="129"/>
        <CursorPos X="1" Y="144"/>
        <UsageCount Value="13"/>
      </Unit24>
      <Unit25>
        <Filename Value="C:\lazarus\lcl\customtimer.pas"/>
        <UnitName Value="CustomTimer"/>
        <WindowIndex Value="0"/>
        <TopLine Value="141"/>
        <CursorPos X="1" Y="156"/>
        <UsageCount Value="11"/>
      </Unit25>
      <Unit26>
        <Filename Value="C:\lazarus\lcl\include\menuitem.inc"/>
        <WindowIndex Value="0"/>
        <TopLine Value="529"/>
        <CursorPos X="89" Y="271"/>
        <UsageCount Value="10"/>
      </Unit26>
      <Unit27>
        <Filename Value="D:\usr\lib\lazarus\0.9.30.4\lcl\interfaces\gtk2\gtk2widgetset.inc"/>
        <WindowIndex Value="0"/>
        <TopLine Value="1304"/>
        <CursorPos X="1" Y="1408"/>
        <UsageCount Value="12"/>
      </Unit27>
      <Unit28>
        <Filename Value="..\..\fpc\fpc-2.6.0\rtl\objpas\classes\classesh.inc"/>
        <WindowIndex Value="0"/>
        <TopLine Value="1591"/>
        <CursorPos X="57" Y="1591"/>
        <UsageCount Value="10"/>
      </Unit28>
      <Unit29>
        <Filename Value="D:\usr\lib\lazarus\0.9.30.4\lcl\dialogs.pp"/>
        <UnitName Value="Dialogs"/>
        <WindowIndex Value="0"/>
        <TopLine Value="676"/>
        <CursorPos X="47" Y="706"/>
        <UsageCount Value="11"/>
      </Unit29>
      <Unit30>
        <Filename Value="D:\usr\lib\lazarus\0.9.30.4\lcl\include\inputdialog.inc"/>
        <WindowIndex Value="0"/>
        <TopLine Value="68"/>
        <CursorPos X="14" Y="98"/>
        <UsageCount Value="11"/>
      </Unit30>
      <Unit31>
        <Filename Value="D:\usr\lib\lazarus\0.9.30.4\lcl\forms.pp"/>
        <UnitName Value="Forms"/>
        <WindowIndex Value="0"/>
        <TopLine Value="1931"/>
        <CursorPos X="13" Y="1942"/>
        <UsageCount Value="11"/>
      </Unit31>
      <Unit32>
        <Filename Value="D:\usr\lib\lazarus\0.9.30.4\lcl\include\customform.inc"/>
        <WindowIndex Value="0"/>
        <TopLine Value="86"/>
        <CursorPos X="62" Y="46"/>
        <UsageCount Value="11"/>
      </Unit32>
      <Unit33>
        <Filename Value="C:\lazarus\lcl\interfaces\win32\win32object.inc"/>
        <WindowIndex Value="0"/>
        <TopLine Value="379"/>
        <CursorPos X="1" Y="394"/>
        <UsageCount Value="10"/>
      </Unit33>
      <Unit34>
        <Filename Value="Synapse\httpsend.pas"/>
        <IsPartOfProject Value="True"/>
        <UnitName Value="httpsend"/>
        <UsageCount Value="21"/>
      </Unit34>
    </Units>
    <JumpHistory Count="30" HistoryIndex="29">
      <Position1>
        <Filename Value="mp_main.pas"/>
        <Caret Line="211" Column="3" TopLine="209"/>
      </Position1>
      <Position2>
        <Filename Value="mp_main.pas"/>
        <Caret Line="129" Column="28" TopLine="97"/>
      </Position2>
      <Position3>
        <Filename Value="mp_main.pas"/>
        <Caret Line="182" Column="22" TopLine="91"/>
      </Position3>
      <Position4>
        <Filename Value="mp_main.pas"/>
        <Caret Line="190" Column="15" TopLine="171"/>
      </Position4>
      <Position5>
        <Filename Value="mp_main.pas"/>
        <Caret Line="81" Column="4" TopLine="59"/>
      </Position5>
      <Position6>
        <Filename Value="mp_main.pas"/>
        <Caret Line="310" Column="1" TopLine="281"/>
      </Position6>
      <Position7>
        <Filename Value="mp_main.pas"/>
        <Caret Line="481" Column="8" TopLine="451"/>
      </Position7>
      <Position8>
        <Filename Value="mp_addpcdlg.pas"/>
        <Caret Line="106" Column="39" TopLine="85"/>
      </Position8>
      <Position9>
        <Filename Value="mp_main.pas"/>
        <Caret Line="455" Column="2" TopLine="437"/>
      </Position9>
      <Position10>
        <Filename Value="mp_main.pas"/>
        <Caret Line="240" Column="43" TopLine="211"/>
      </Position10>
      <Position11>
        <Filename Value="mp_main.pas"/>
        <Caret Line="130" Column="3" TopLine="118"/>
      </Position11>
      <Position12>
        <Filename Value="mp_main.pas"/>
        <Caret Line="474" Column="32" TopLine="445"/>
      </Position12>
      <Position13>
        <Filename Value="mp_addpcdlgu.pas"/>
        <Caret Line="42" Column="2" TopLine="10"/>
      </Position13>
      <Position14>
        <Filename Value="mp_addpcdlgu.pas"/>
        <Caret Line="16" Column="5" TopLine="1"/>
      </Position14>
      <Position15>
        <Filename Value="mp_main.pas"/>
        <Caret Line="460" Column="26" TopLine="445"/>
      </Position15>
      <Position16>
        <Filename Value="mp_main.pas"/>
        <Caret Line="472" Column="18" TopLine="442"/>
      </Position16>
      <Position17>
        <Filename Value="mp_main.pas"/>
        <Caret Line="454" Column="22" TopLine="442"/>
      </Position17>
      <Position18>
        <Filename Value="mp_main.pas"/>
        <Caret Line="460" Column="1" TopLine="453"/>
      </Position18>
      <Position19>
        <Filename Value="mp_main.pas"/>
        <Caret Line="96" Column="6" TopLine="82"/>
      </Position19>
      <Position20>
        <Filename Value="mp_addpcdlgu.pas"/>
        <Caret Line="16" Column="19" TopLine="11"/>
      </Position20>
      <Position21>
        <Filename Value="mp_main.pas"/>
        <Caret Line="454" Column="5" TopLine="342"/>
      </Position21>
      <Position22>
        <Filename Value="mp_main.pas"/>
        <Caret Line="351" Column="4" TopLine="347"/>
      </Position22>
      <Position23>
        <Filename Value="mp_main.pas"/>
        <Caret Line="457" Column="1" TopLine="438"/>
      </Position23>
      <Position24>
        <Filename Value="mp_main.pas"/>
        <Caret Line="458" Column="1" TopLine="438"/>
      </Position24>
      <Position25>
        <Filename Value="mp_main.pas"/>
        <Caret Line="459" Column="1" TopLine="438"/>
      </Position25>
      <Position26>
        <Filename Value="mp_main.pas"/>
        <Caret Line="460" Column="1" TopLine="438"/>
      </Position26>
      <Position27>
        <Filename Value="mp_loader.pas"/>
        <Caret Line="102" Column="12" TopLine="73"/>
      </Position27>
      <Position28>
        <Filename Value="mp_main.pas"/>
        <Caret Line="90" Column="20" TopLine="76"/>
      </Position28>
      <Position29>
        <Filename Value="MassPinger.lpr"/>
        <Caret Line="8" Column="11" TopLine="1"/>
      </Position29>
      <Position30>
        <Filename Value="mp_main.pas"/>
        <Caret Line="174" Column="33" TopLine="147"/>
      </Position30>
    </JumpHistory>
  </ProjectOptions>
  <CompilerOptions>
    <Version Value="11"/>
    <PathDelim Value="\"/>
    <Target>
      <Filename Value="MassPinger"/>
    </Target>
    <SearchPaths>
      <IncludeFiles Value="$(ProjOutDir)"/>
      <OtherUnitFiles Value="Synapse"/>
      <UnitOutputDirectory Value="lib\$(TargetCPU)-$(TargetOS)"/>
    </SearchPaths>
    <CodeGeneration>
      <Optimizations>
        <OptimizationLevel Value="3"/>
      </Optimizations>
    </CodeGeneration>
    <Linking>
      <Debugging>
        <StripSymbols Value="True"/>
        <UseExternalDbgSyms Value="True"/>
      </Debugging>
      <LinkSmart Value="True"/>
      <Options>
        <Win32>
          <GraphicApplication Value="True"/>
        </Win32>
      </Options>
    </Linking>
    <Other>
      <CompilerMessages>
        <UseMsgFile Value="True"/>
      </CompilerMessages>
      <CompilerPath Value="$(CompPath)"/>
    </Other>
  </CompilerOptions>
  <Debugging>
    <Exceptions Count="3">
      <Item1>
        <Name Value="EAbort"/>
      </Item1>
      <Item2>
        <Name Value="ECodetoolError"/>
      </Item2>
      <Item3>
        <Name Value="EFOpenError"/>
      </Item3>
    </Exceptions>
  </Debugging>
</CONFIG>
