<?xml version="1.0"?>
<CONFIG>
  <ProjectOptions>
    <Version Value="9"/>
    <PathDelim Value="\"/>
    <General>
      <MainUnit Value="0"/>
      <ResourceType Value="res"/>
      <UseXPManifest Value="True"/>
      <Icon Value="0"/>
      <ActiveWindowIndexAtStart Value="0"/>
    </General>
    <i18n>
      <EnableI18N LFM="False"/>
    </i18n>
    <VersionInfo>
      <StringTable ProductVersion=""/>
    </VersionInfo>
    <BuildModes Count="1" Active="Default">
      <Item1 Name="Default" Default="True"/>
    </BuildModes>
    <PublishOptions>
      <Version Value="2"/>
      <IncludeFileFilter Value="*.(pas|pp|inc|lfm|lpr|lrs|lpi|lpk|sh|xml)"/>
      <ExcludeFileFilter Value="*.(bak|ppu|o|so);*~;backup"/>
    </PublishOptions>
    <RunParams>
      <local>
        <FormatVersion Value="1"/>
      </local>
    </RunParams>
    <RequiredPackages Count="2">
      <Item1>
        <PackageName Value="laz_synapse"/>
      </Item1>
      <Item2>
        <PackageName Value="LCL"/>
      </Item2>
    </RequiredPackages>
    <Units Count="27">
      <Unit0>
        <Filename Value="MassPinger.lpr"/>
        <IsPartOfProject Value="True"/>
        <UnitName Value="MassPinger"/>
        <UsageCount Value="82"/>
      </Unit0>
      <Unit1>
        <Filename Value="mp_main.pas"/>
        <IsPartOfProject Value="True"/>
        <ComponentName Value="PingerFrm"/>
        <ResourceBaseClass Value="Form"/>
        <UnitName Value="mp_main"/>
        <IsVisibleTab Value="True"/>
        <EditorIndex Value="0"/>
        <WindowIndex Value="0"/>
        <TopLine Value="438"/>
        <CursorPos X="40" Y="451"/>
        <UsageCount Value="82"/>
        <Loaded Value="True"/>
        <LoadedDesigner Value="True"/>
      </Unit1>
      <Unit2>
        <Filename Value="mp_types.pas"/>
        <IsPartOfProject Value="True"/>
        <UnitName Value="mp_types"/>
        <EditorIndex Value="9"/>
        <WindowIndex Value="0"/>
        <TopLine Value="10"/>
        <CursorPos X="20" Y="25"/>
        <UsageCount Value="82"/>
        <Loaded Value="True"/>
      </Unit2>
      <Unit3>
        <Filename Value="mp_loader.pas"/>
        <IsPartOfProject Value="True"/>
        <UnitName Value="mp_loader"/>
        <EditorIndex Value="11"/>
        <WindowIndex Value="0"/>
        <TopLine Value="82"/>
        <CursorPos X="12" Y="102"/>
        <UsageCount Value="82"/>
        <Loaded Value="True"/>
      </Unit3>
      <Unit4>
        <Filename Value="C:\lazarus\fpc\2.6.0\source\rtl\inc\variants.pp"/>
        <UnitName Value="variants"/>
        <WindowIndex Value="0"/>
        <TopLine Value="67"/>
        <CursorPos X="10" Y="85"/>
        <UsageCount Value="5"/>
      </Unit4>
      <Unit5>
        <Filename Value="C:\lazarus\lcl\include\customform.inc"/>
        <EditorIndex Value="7"/>
        <WindowIndex Value="0"/>
        <TopLine Value="2590"/>
        <CursorPos X="1" Y="2605"/>
        <UsageCount Value="35"/>
        <Loaded Value="True"/>
      </Unit5>
      <Unit6>
        <Filename Value="mp_threadpool.pas"/>
        <UnitName Value="mp_threadpool"/>
        <WindowIndex Value="0"/>
        <TopLine Value="1"/>
        <CursorPos X="1" Y="1"/>
        <UsageCount Value="38"/>
      </Unit6>
      <Unit7>
        <Filename Value="mp_pingthread.pas"/>
        <UnitName Value="mp_pingthread"/>
        <WindowIndex Value="0"/>
        <TopLine Value="14"/>
        <CursorPos X="17" Y="35"/>
        <UsageCount Value="31"/>
      </Unit7>
      <Unit8>
        <Filename Value="mp_utils.pas"/>
        <IsPartOfProject Value="True"/>
        <UnitName Value="mp_utils"/>
        <EditorIndex Value="5"/>
        <WindowIndex Value="0"/>
        <TopLine Value="89"/>
        <CursorPos X="1" Y="115"/>
        <UsageCount Value="82"/>
        <Loaded Value="True"/>
      </Unit8>
      <Unit9>
        <Filename Value="D:\LazSynapse\source\lib\pingsend.pas"/>
        <UnitName Value="pingsend"/>
        <WindowIndex Value="0"/>
        <TopLine Value="581"/>
        <CursorPos X="1" Y="596"/>
        <UsageCount Value="31"/>
      </Unit9>
      <Unit10>
        <Filename Value="addpcfrm.pas"/>
        <ComponentName Value="Form2"/>
        <ResourceBaseClass Value="Form"/>
        <UnitName Value="AddPCFrm"/>
        <WindowIndex Value="0"/>
        <TopLine Value="1"/>
        <CursorPos X="86" Y="10"/>
        <UsageCount Value="15"/>
      </Unit10>
      <Unit11>
        <Filename Value="mp_addpcdlg.pas"/>
        <IsPartOfProject Value="True"/>
        <ComponentName Value="dlgFrm"/>
        <HasResources Value="True"/>
        <ResourceBaseClass Value="Form"/>
        <UnitName Value="mp_addpcdlg"/>
        <EditorIndex Value="6"/>
        <WindowIndex Value="0"/>
        <TopLine Value="60"/>
        <CursorPos X="92" Y="122"/>
        <UsageCount Value="60"/>
        <Loaded Value="True"/>
        <LoadedDesigner Value="True"/>
      </Unit11>
      <Unit12>
        <Filename Value="C:\lazarus\lcl\dialogs.pp"/>
        <UnitName Value="Dialogs"/>
        <EditorIndex Value="12"/>
        <WindowIndex Value="0"/>
        <TopLine Value="49"/>
        <CursorPos X="1" Y="1"/>
        <UsageCount Value="40"/>
        <Loaded Value="True"/>
      </Unit12>
      <Unit13>
        <Filename Value="C:\lazarus\lcl\include\control.inc"/>
        <EditorIndex Value="8"/>
        <WindowIndex Value="0"/>
        <TopLine Value="2274"/>
        <CursorPos X="1" Y="2289"/>
        <UsageCount Value="38"/>
        <Loaded Value="True"/>
      </Unit13>
      <Unit14>
        <Filename Value="mp_addpcdlgu.pas"/>
        <IsPartOfProject Value="True"/>
        <UnitName Value="mp_addpcdlgu"/>
        <EditorIndex Value="10"/>
        <WindowIndex Value="0"/>
        <TopLine Value="19"/>
        <CursorPos X="21" Y="42"/>
        <UsageCount Value="79"/>
        <Loaded Value="True"/>
      </Unit14>
      <Unit15>
        <Filename Value="C:\lazarus\lcl\interfaces\win32\win32callback.inc"/>
        <WindowIndex Value="0"/>
        <TopLine Value="2412"/>
        <CursorPos X="1" Y="2427"/>
        <UsageCount Value="6"/>
      </Unit15>
      <Unit16>
        <Filename Value="C:\lazarus\lcl\include\treeview.inc"/>
        <WindowIndex Value="0"/>
        <TopLine Value="3862"/>
        <CursorPos X="1" Y="3881"/>
        <UsageCount Value="7"/>
      </Unit16>
      <Unit17>
        <Filename Value="C:\lazarus\lcl\comctrls.pp"/>
        <UnitName Value="ComCtrls"/>
        <WindowIndex Value="0"/>
        <TopLine Value="2579"/>
        <CursorPos X="42" Y="2774"/>
        <UsageCount Value="7"/>
      </Unit17>
      <Unit18>
        <Filename Value="C:\lazarus\lcl\include\buttoncontrol.inc"/>
        <WindowIndex Value="0"/>
        <TopLine Value="56"/>
        <CursorPos X="16" Y="58"/>
        <UsageCount Value="7"/>
      </Unit18>
      <Unit19>
        <Filename Value="C:\lazarus\lcl\include\buttons.inc"/>
        <WindowIndex Value="0"/>
        <TopLine Value="317"/>
        <CursorPos X="1" Y="342"/>
        <UsageCount Value="8"/>
      </Unit19>
      <Unit20>
        <Filename Value="C:\lazarus\lcl\include\toolbutton.inc"/>
        <WindowIndex Value="0"/>
        <TopLine Value="750"/>
        <CursorPos X="1" Y="765"/>
        <UsageCount Value="6"/>
      </Unit20>
      <Unit21>
        <Filename Value="C:\lazarus\lcl\forms.pp"/>
        <UnitName Value="Forms"/>
        <EditorIndex Value="2"/>
        <WindowIndex Value="0"/>
        <TopLine Value="1839"/>
        <CursorPos X="90" Y="1855"/>
        <UsageCount Value="26"/>
        <Loaded Value="True"/>
      </Unit21>
      <Unit22>
        <Filename Value="mp_addpcdlg.lfm"/>
        <IsPartOfProject Value="True"/>
        <UsageCount Value="60"/>
        <DefaultSyntaxHighlighter Value="LFM"/>
      </Unit22>
      <Unit23>
        <Filename Value="D:\LazSynapse\source\lib\httpsend.pas"/>
        <UnitName Value="httpsend"/>
        <WindowIndex Value="0"/>
        <TopLine Value="816"/>
        <CursorPos X="83" Y="450"/>
        <UsageCount Value="6"/>
      </Unit23>
      <Unit24>
        <Filename Value="C:\lazarus\lcl\include\customlistview.inc"/>
        <EditorIndex Value="4"/>
        <WindowIndex Value="0"/>
        <TopLine Value="129"/>
        <CursorPos X="1" Y="144"/>
        <UsageCount Value="13"/>
        <Loaded Value="True"/>
      </Unit24>
      <Unit25>
        <Filename Value="C:\lazarus\lcl\customtimer.pas"/>
        <UnitName Value="CustomTimer"/>
        <EditorIndex Value="3"/>
        <WindowIndex Value="0"/>
        <TopLine Value="141"/>
        <CursorPos X="1" Y="156"/>
        <UsageCount Value="11"/>
        <Loaded Value="True"/>
      </Unit25>
      <Unit26>
        <Filename Value="C:\lazarus\lcl\include\menuitem.inc"/>
        <EditorIndex Value="1"/>
        <WindowIndex Value="0"/>
        <TopLine Value="529"/>
        <CursorPos X="89" Y="271"/>
        <UsageCount Value="10"/>
        <Loaded Value="True"/>
      </Unit26>
    </Units>
    <JumpHistory Count="30" HistoryIndex="29">
      <Position1>
        <Filename Value="mp_main.pas"/>
        <Caret Line="272" Column="66" TopLine="256"/>
      </Position1>
      <Position2>
        <Filename Value="mp_main.pas"/>
        <Caret Line="13" Column="89" TopLine="324"/>
      </Position2>
      <Position3>
        <Filename Value="mp_main.pas"/>
        <Caret Line="223" Column="21" TopLine="379"/>
      </Position3>
      <Position4>
        <Filename Value="mp_main.pas"/>
        <Caret Line="366" Column="36" TopLine="349"/>
      </Position4>
      <Position5>
        <Filename Value="mp_main.pas"/>
        <Caret Line="410" Column="42" TopLine="318"/>
      </Position5>
      <Position6>
        <Filename Value="mp_main.pas"/>
        <Caret Line="456" Column="38" TopLine="95"/>
      </Position6>
      <Position7>
        <Filename Value="mp_main.pas"/>
        <Caret Line="292" Column="38" TopLine="287"/>
      </Position7>
      <Position8>
        <Filename Value="mp_main.pas"/>
        <Caret Line="284" Column="38" TopLine="282"/>
      </Position8>
      <Position9>
        <Filename Value="mp_main.pas"/>
        <Caret Line="285" Column="15" TopLine="282"/>
      </Position9>
      <Position10>
        <Filename Value="mp_main.pas"/>
        <Caret Line="297" Column="3" TopLine="288"/>
      </Position10>
      <Position11>
        <Filename Value="mp_main.pas"/>
        <Caret Line="293" Column="1" TopLine="287"/>
      </Position11>
      <Position12>
        <Filename Value="mp_main.pas"/>
        <Caret Line="481" Column="69" TopLine="466"/>
      </Position12>
      <Position13>
        <Filename Value="mp_main.pas"/>
        <Caret Line="293" Column="1" TopLine="282"/>
      </Position13>
      <Position14>
        <Filename Value="mp_main.pas"/>
        <Caret Line="317" Column="1" TopLine="302"/>
      </Position14>
      <Position15>
        <Filename Value="mp_main.pas"/>
        <Caret Line="293" Column="1" TopLine="466"/>
      </Position15>
      <Position16>
        <Filename Value="mp_main.pas"/>
        <Caret Line="273" Column="137" TopLine="268"/>
      </Position16>
      <Position17>
        <Filename Value="mp_main.pas"/>
        <Caret Line="427" Column="5" TopLine="433"/>
      </Position17>
      <Position18>
        <Filename Value="mp_main.pas"/>
        <Caret Line="205" Column="17" TopLine="190"/>
      </Position18>
      <Position19>
        <Filename Value="mp_main.pas"/>
        <Caret Line="69" Column="27" TopLine="54"/>
      </Position19>
      <Position20>
        <Filename Value="mp_main.pas"/>
        <Caret Line="499" Column="36" TopLine="478"/>
      </Position20>
      <Position21>
        <Filename Value="mp_main.pas"/>
        <Caret Line="524" Column="24" TopLine="499"/>
      </Position21>
      <Position22>
        <Filename Value="mp_main.pas"/>
        <Caret Line="516" Column="14" TopLine="500"/>
      </Position22>
      <Position23>
        <Filename Value="mp_main.pas"/>
        <Caret Line="431" Column="90" TopLine="435"/>
      </Position23>
      <Position24>
        <Filename Value="mp_main.pas"/>
        <Caret Line="443" Column="1" TopLine="435"/>
      </Position24>
      <Position25>
        <Filename Value="mp_main.pas"/>
        <Caret Line="452" Column="1" TopLine="435"/>
      </Position25>
      <Position26>
        <Filename Value="mp_main.pas"/>
        <Caret Line="453" Column="1" TopLine="435"/>
      </Position26>
      <Position27>
        <Filename Value="mp_main.pas"/>
        <Caret Line="454" Column="1" TopLine="435"/>
      </Position27>
      <Position28>
        <Filename Value="mp_main.pas"/>
        <Caret Line="455" Column="1" TopLine="435"/>
      </Position28>
      <Position29>
        <Filename Value="mp_main.pas"/>
        <Caret Line="456" Column="1" TopLine="435"/>
      </Position29>
      <Position30>
        <Filename Value="C:\lazarus\lcl\include\menuitem.inc"/>
        <Caret Line="77" Column="1" TopLine="62"/>
      </Position30>
    </JumpHistory>
  </ProjectOptions>
  <CompilerOptions>
    <Version Value="9"/>
    <PathDelim Value="\"/>
    <Target>
      <Filename Value="MassPinger"/>
    </Target>
    <SearchPaths>
      <IncludeFiles Value="$(ProjOutDir)"/>
      <UnitOutputDirectory Value="lib\$(TargetCPU)-$(TargetOS)"/>
    </SearchPaths>
    <CodeGeneration>
      <SmartLinkUnit Value="True"/>
      <Optimizations>
        <OptimizationLevel Value="3"/>
      </Optimizations>
    </CodeGeneration>
    <Linking>
      <Debugging>
        <StripSymbols Value="True"/>
        <UseExternalDbgSyms Value="True"/>
      </Debugging>
      <LinkSmart Value="True"/>
      <Options>
        <Win32>
          <GraphicApplication Value="True"/>
        </Win32>
      </Options>
    </Linking>
    <Other>
      <CompilerMessages>
        <UseMsgFile Value="True"/>
      </CompilerMessages>
      <CompilerPath Value="$(CompPath)"/>
    </Other>
  </CompilerOptions>
  <Debugging>
    <Exceptions Count="3">
      <Item1>
        <Name Value="EAbort"/>
      </Item1>
      <Item2>
        <Name Value="ECodetoolError"/>
      </Item2>
      <Item3>
        <Name Value="EFOpenError"/>
      </Item3>
    </Exceptions>
  </Debugging>
</CONFIG>
